
Microsoft Visual Studio Solution File, Format Version 12.00
# Visual Studio Version 16
VisualStudioVersion = 25.0.1706.3
MinimumVisualStudioVersion = 10.0.40219.1
Project("{FAE04EC0-301F-11D3-BF4B-00C04F79EFBC}") = "listaexe06_v2", "listaexe06_v2.csproj", "{FCD56B39-291E-4EDD-A8B7-D543230E81EE}"
EndProject
Global
	GlobalSection(SolutionConfigurationPlatforms) = preSolution
		Debug|Any CPU = Debug|Any CPU
		Release|Any CPU = Release|Any CPU
	EndGlobalSection
	GlobalSection(ProjectConfigurationPlatforms) = postSolution
		{FCD56B39-291E-4EDD-A8B7-D543230E81EE}.Debug|Any CPU.ActiveCfg = Debug|Any CPU
		{FCD56B39-291E-4EDD-A8B7-D543230E81EE}.Debug|Any CPU.Build.0 = Debug|Any CPU
		{FCD56B39-291E-4EDD-A8B7-D543230E81EE}.Release|Any CPU.ActiveCfg = Release|Any CPU
		{FCD56B39-291E-4EDD-A8B7-D543230E81EE}.Release|Any CPU.Build.0 = Release|Any CPU
	EndGlobalSection
	GlobalSection(SolutionProperties) = preSolution
		HideSolutionNode = FALSE
	EndGlobalSection
	GlobalSection(ExtensibilityGlobals) = postSolution
		SolutionGuid = {3DC968A2-946B-4C31-89D9-255FCEC843A4}
	EndGlobalSection
EndGlobal
